{
  "name": "pro-daily-link",
  "version": "0.2.0",
  "lockfileVersion": 3,
  "requires": true,
  "packages": {
    "": {
      "name": "pro-daily-link",
      "version": "0.2.0",
      "dependencies": {
        "@heycatch/sdk": "^0.8.3",
        "@sentry/node": "^11.5.0",
        "pg": "^8.23.1",
        "stripe": "23.0.0"
      },
      "devDependencies": {
        "parse5": "7.3.0"
      },
      "engines": {
        "node": ">=20"
      }
    },
    "node_modules/@heycatch/sdk": {
      "version": "0.8.3",
      "resolved": "https://registry.npmjs.org/@heycatch/sdk/-/sdk-0.8.3.tgz",
      "integrity": "sha512-7knqXfptgctAIHu5IXwd/WnivY+wwYAws2Xr0ZuARottBnbQteFbxZP7TyEDWCyz6A5+PcGlzlPxeTdq5uyGoA==",
      "license": "MIT",
      "dependencies": {
        "posthog-react-native": "^4.61.1"
      },
      "engines": {
        "node": ">=22"
      },
      "peerDependencies": {
        "expo-router": "*",
        "react": "^18.2.0 || ^19.0.0"
      },
      "peerDependenciesMeta": {
        "expo-router": {
          "optional": true
        },
        "react": {
          "optional": true
        }
      }
    },
    "node_modules/@jridgewell/sourcemap-codec": {
      "version": "1.6.0",
      "resolved": "https://registry.npmjs.org/@jridgewell/sourcemap-codec/-/sourcemap-codec-1.6.0.tgz",
      "integrity": "sha512-T7jf+5zgsZHwNJ4lvQ7/aezbyk0nNX+zJVWpmHA7VYsEx7a7qr5Rg5IbtJFqkgze5Y2sruq1RUY8Q837Od7iFw==",
      "license": "MIT"
    },
    "node_modules/@opentelemetry/api": {
      "version": "1.9.1",
      "resolved": "https://registry.npmjs.org/@opentelemetry/api/-/api-1.9.1.tgz",
      "integrity": "sha512-gLyJlPHPZYdAk1JENA9LeHejZe1Ti77/pTeFm/nMXmQH/HFZlcS/O2XJB+L8fkbrNSqhdtlvjBVjxwUYanNH5Q==",
      "license": "Apache-2.0",
      "engines": {
        "node": ">=8.0.0"
      }
    },
    "node_modules/@oxc-parser/binding-android-arm-eabi": {
      "version": "0.152.0",
      "resolved": "https://registry.npmjs.org/@oxc-parser/binding-android-arm-eabi/-/binding-android-arm-eabi-0.152.0.tgz",
      "integrity": "sha512-393VtirINkae4XHBTkq/yQxhOwEr4V+r0et37P2fp+sYZSdYgZTRDPo5Um8vBh0QjMZ+RmaMy4PP0qwr4cTMwA==",
      "cpu": [
        "arm"
      ],
      "license": "MIT",
      "optional": true,
      "os": [
        "android"
      ],
      "engines": {
        "node": "^20.19.0 || >=22.12.0"
      }
    },
    "node_modules/@oxc-parser/binding-android-arm64": {
      "version": "0.152.0",
      "resolved": "https://registry.npmjs.org/@oxc-parser/binding-android-arm64/-/binding-android-arm64-0.152.0.tgz",
      "integrity": "sha512-iYFcExATJNZ0rZj0o02THbD1Nc9jAW0nVgIQPee6ejbSASpbZXlIMw8jxtpzaG14JQTWwGSZ6U5dEtRJXE6V3Q==",
      "cpu": [
        "arm64"
      ],
      "license": "MIT",
      "optional": true,
      "os": [
        "android"
      ],
      "engines": {
        "node": "^20.19.0 || >=22.12.0"
      }
    },
    "node_modules/@oxc-parser/binding-darwin-arm64": {
      "version": "0.152.0",
      "resolved": "https://registry.npmjs.org/@oxc-parser/binding-darwin-arm64/-/binding-darwin-arm64-0.152.0.tgz",
      "integrity": "sha512-fnU+DfUzi5/rFy0LzmipYRz06PAUUkOS8kCJQ3Eg6oqlunC1XZXoffFqxmdL51RmcbYtUG3P8DVG1U5fckoa2A==",
      "cpu": [
        "arm64"
      ],
      "license": "MIT",
      "optional": true,
      "os": [
        "darwin"
      ],
      "engines": {
        "node": "^20.19.0 || >=22.12.0"
      }
    },
    "node_modules/@oxc-parser/binding-darwin-x64": {
      "version": "0.152.0",
      "resolved": "https://registry.npmjs.org/@oxc-parser/binding-darwin-x64/-/binding-darwin-x64-0.152.0.tgz",
      "integrity": "sha512-Y3U2okryWTs7hDld6UhjJwLNf8/do+x4g4C+1U5SiGwrTLwbO83WJYJA8+l9iFSilWBgnfpd/+U76tfeNxUHzA==",
      "cpu": [
        "x64"
      ],
      "license": "MIT",
      "optional": true,
      "os": [
        "darwin"
      ],
      "engines": {
        "node": "^20.19.0 || >=22.12.0"
      }
    },
    "node_modules/@oxc-parser/binding-freebsd-x64": {
      "version": "0.152.0",
      "resolved": "https://registry.npmjs.org/@oxc-parser/binding-freebsd-x64/-/binding-freebsd-x64-0.152.0.tgz",
      "integrity": "sha512-XkhkRrrPffEw+ZLv/d/5pEni0buxinm/E/N6fLbJCunD1DBbeCTtVP23ESV+4CWCWdSz397asks1ViGslpmWiQ==",
      "cpu": [
        "x64"
      ],
      "license": "MIT",
      "optional": true,
      "os": [
        "freebsd"
      ],
      "engines": {
        "node": "^20.19.0 || >=22.12.0"
      }
    },
    "node_modules/@oxc-parser/binding-linux-arm-gnueabihf": {
      "version": "0.152.0",
      "resolved": "https://registry.npmjs.org/@oxc-parser/binding-linux-arm-gnueabihf/-/binding-linux-arm-gnueabihf-0.152.0.tgz",
      "integrity": "sha512-MLzsRRbdfmdzo6JEhbC1yKU9ItfvM8tEf18HM32jCiNYZEz6J3bRBRl3cTkKR0vBdrk9ZVlcARXtwHccs+epDA==",
      "cpu": [
        "arm"
      ],
      "license": "MIT",
      "optional": true,
      "os": [
        "linux"
      ],
      "engines": {
        "node": "^20.19.0 || >=22.12.0"
      }
    },
    "node_modules/@oxc-parser/binding-linux-arm-musleabihf": {
      "version": "0.152.0",
      "resolved": "https://registry.npmjs.org/@oxc-parser/binding-linux-arm-musleabihf/-/binding-linux-arm-musleabihf-0.152.0.tgz",
      "integrity": "sha512-HHerTEJz7Iy10Ji6BGsk4gqG6PU0UzFuBu91jIEOX89FnrI5ECWSEr7BLpkYQhp7U0QFtMnBhNfQKI0hYZK78w==",
      "cpu": [
        "arm"
      ],
      "license": "MIT",
      "optional": true,
      "os": [
        "linux"
      ],
      "engines": {
        "node": "^20.19.0 || >=22.12.0"
      }
    },
    "node_modules/@oxc-parser/binding-linux-arm64-gnu": {
      "version": "0.152.0",
      "resolved": "https://registry.npmjs.org/@oxc-parser/binding-linux-arm64-gnu/-/binding-linux-arm64-gnu-0.152.0.tgz",
      "integrity": "sha512-9Bb8GyzZ2uSLzRDZ27usaKokr07mxiBe2dDF5b6bd2janmaJTT1gL51UfP7AU30yFiXrJvcRyFKREAgKwZYs0w==",
      "cpu": [
        "arm64"
      ],
      "libc": [
        "glibc"
      ],
      "license": "MIT",
      "optional": true,
      "os": [
        "linux"
      ],
      "engines": {
        "node": "^20.19.0 || >=22.12.0"
      }
    },
    "node_modules/@oxc-parser/binding-linux-arm64-musl": {
      "version": "0.152.0",
      "resolved": "https://registry.npmjs.org/@oxc-parser/binding-linux-arm64-musl/-/binding-linux-arm64-musl-0.152.0.tgz",
      "integrity": "sha512-om7iDMUroI74A/lfRRWY9/Ev3VWrVsrUZ4tyvyh8raBey/sdcfyAD7tYWc+iykAiotnmftyKTpUKFr1QnaBrAQ==",
      "cpu": [
        "arm64"
      ],
      "libc": [
        "musl"
      ],
      "license": "MIT",
      "optional": true,
      "os": [
        "linux"
      ],
      "engines": {
        "node": "^20.19.0 || >=22.12.0"
      }
    },
    "node_modules/@oxc-parser/binding-linux-ppc64-gnu": {
      "version": "0.152.0",
      "resolved": "https://registry.npmjs.org/@oxc-parser/binding-linux-ppc64-gnu/-/binding-linux-ppc64-gnu-0.152.0.tgz",
      "integrity": "sha512-Lf1OL2lMTqwDMFC6jnRb30B+WYHKV0XT+bPHcFM6xHtNVwxpobiTzUIvKH6a0LWpvfwyru8Yu6zCGHqqFHH+gg==",
      "cpu": [
        "ppc64"
      ],
      "libc": [
        "glibc"
      ],
      "license": "MIT",
      "optional": true,
      "os": [
        "linux"
      ],
      "engines": {
        "node": "^20.19.0 || >=22.12.0"
      }
    },
    "node_modules/@oxc-parser/binding-linux-riscv64-gnu": {
      "version": "0.152.0",
      "resolved": "https://registry.npmjs.org/@oxc-parser/binding-linux-riscv64-gnu/-/binding-linux-riscv64-gnu-0.152.0.tgz",
      "integrity": "sha512-BYWSMQK+YJ9ZILStPcmmiSVq8KEG9Qdq/c4BHPC3rUEq/fEDCVjUIwdj5ZzjgZ9P9is9PKu0tcAXzq1ZXg4urQ==",
      "cpu": [
        "riscv64"
      ],
      "libc": [
        "glibc"
      ],
      "license": "MIT",
      "optional": true,
      "os": [
        "linux"
      ],
      "engines": {
        "node": "^20.19.0 || >=22.12.0"
      }
    },
    "node_modules/@oxc-parser/binding-linux-riscv64-musl": {
      "version": "0.152.0",
      "resolved": "https://registry.npmjs.org/@oxc-parser/binding-linux-riscv64-musl/-/binding-linux-riscv64-musl-0.152.0.tgz",
      "integrity": "sha512-d2LqHNNNqdH185sRK5dPKWZu201JrNu9/CRFuVEuT+ht7n/QaVblEMWT9MALQPrDWYvhG10P+NSKJFquDWZ09w==",
      "cpu": [
        "riscv64"
      ],
      "libc": [
        "musl"
      ],
      "license": "MIT",
      "optional": true,
      "os": [
        "linux"
      ],
      "engines": {
        "node": "^20.19.0 || >=22.12.0"
      }
    },
    "node_modules/@oxc-parser/binding-linux-s390x-gnu": {
      "version": "0.152.0",
      "resolved": "https://registry.npmjs.org/@oxc-parser/binding-linux-s390x-gnu/-/binding-linux-s390x-gnu-0.152.0.tgz",
      "integrity": "sha512-8gBeHt5rA/8+pKhHl+zLggfa3L/V/L2at96p7ty6pBE7id6lFO19nFUc15u2PcjC4OYeYK465MKy1fhhbpFIGw==",
      "cpu": [
        "s390x"
      ],
      "libc": [
        "glibc"
      ],
      "license": "MIT",
      "optional": true,
      "os": [
        "linux"
      ],
      "engines": {
        "node": "^20.19.0 || >=22.12.0"
      }
    },
    "node_modules/@oxc-parser/binding-linux-x64-gnu": {
      "version": "0.152.0",
      "resolved": "https://registry.npmjs.org/@oxc-parser/binding-linux-x64-gnu/-/binding-linux-x64-gnu-0.152.0.tgz",
      "integrity": "sha512-ltgrSF6L+yPTVsIdaAyqKq3zTqzj/1VlNbxWZuxAe8flR3sWdyNsKvdXukoO8/ucJbLickhmieRBge+o/e8Ugw==",
      "cpu": [
        "x64"
      ],
      "libc": [
        "glibc"
      ],
      "license": "MIT",
      "optional": true,
      "os": [
        "linux"
      ],
      "engines": {
        "node": "^20.19.0 || >=22.12.0"
      }
    },
    "node_modules/@oxc-parser/binding-linux-x64-musl": {
      "version": "0.152.0",
      "resolved": "https://registry.npmjs.org/@oxc-parser/binding-linux-x64-musl/-/binding-linux-x64-musl-0.152.0.tgz",
      "integrity": "sha512-LcMp6BvrBnewSfdkLHoSqidhoAq4syKOTBV5TYHWd+2VnGkfD/nPRRVIzTBt/Lkbt7pfOFDGtkiTntFS0p6sQQ==",
      "cpu": [
        "x64"
      ],
      "libc": [
        "musl"
      ],
      "license": "MIT",
      "optional": true,
      "os": [
        "linux"
      ],
      "engines": {
        "node": "^20.19.0 || >=22.12.0"
      }
    },
    "node_modules/@oxc-parser/binding-openharmony-arm64": {
      "version": "0.152.0",
      "resolved": "https://registry.npmjs.org/@oxc-parser/binding-openharmony-arm64/-/binding-openharmony-arm64-0.152.0.tgz",
      "integrity": "sha512-jbhoMCslVxzRCRNQ8TSHxjYdSKRvk8O6ciLVDkahJvmyHDzBqba/bMQHM6ULKj/rgHNNbSzlIiakdx8SEfkJzA==",
      "cpu": [
        "arm64"
      ],
      "license": "MIT",
      "optional": true,
      "os": [
        "openharmony"
      ],
      "engines": {
        "node": "^20.19.0 || >=22.12.0"
      }
    },
    "node_modules/@oxc-parser/binding-win32-arm64-msvc": {
      "version": "0.152.0",
      "resolved": "https://registry.npmjs.org/@oxc-parser/binding-win32-arm64-msvc/-/binding-win32-arm64-msvc-0.152.0.tgz",
      "integrity": "sha512-JZYVlhv36mr/nertnRB7vchJECOBb1Lz6lltalILsB+o9M/is+H6BEDRLQKdqA4JKs6NjJszo46+iM5sfwj6jQ==",
      "cpu": [
        "arm64"
      ],
      "license": "MIT",
      "optional": true,
      "os": [
        "win32"
      ],
      "engines": {
        "node": "^20.19.0 || >=22.12.0"
      }
    },
    "node_modules/@oxc-parser/binding-win32-ia32-msvc": {
      "version": "0.152.0",
      "resolved": "https://registry.npmjs.org/@oxc-parser/binding-win32-ia32-msvc/-/binding-win32-ia32-msvc-0.152.0.tgz",
      "integrity": "sha512-1X9oganvVsunRH0lH10UU05N+H9atpX6WsOybByUjwnfcd3h/0tYwvuv16XuHglrIUOnxV2TodbLVEwwafd64g==",
      "cpu": [
        "ia32"
      ],
      "license": "MIT",
      "optional": true,
      "os": [
        "win32"
      ],
      "engines": {
        "node": "^20.19.0 || >=22.12.0"
      }
    },
    "node_modules/@oxc-parser/binding-win32-x64-msvc": {
      "version": "0.152.0",
      "resolved": "https://registry.npmjs.org/@oxc-parser/binding-win32-x64-msvc/-/binding-win32-x64-msvc-0.152.0.tgz",
      "integrity": "sha512-sw0M80/dn9rcpu+Rqqph/C+MjvDDce6MlXmFjsNQtPEymha0eJy3ml6+foSUTqFfpDIDyHZZ4eoJ43IoMe8bJw==",
      "cpu": [
        "x64"
      ],
      "license": "MIT",
      "optional": true,
      "os": [
        "win32"
      ],
      "engines": {
        "node": "^20.19.0 || >=22.12.0"
      }
    },
    "node_modules/@oxc-project/types": {
      "version": "0.152.0",
      "resolved": "https://registry.npmjs.org/@oxc-project/types/-/types-0.152.0.tgz",
      "integrity": "sha512-oM/5rLBm2tPkg0iBgkH/FOeR3PCDpY19GTgAZjMFM8h9WI9VW7cLgzp6nwtarYKmovavIQZ+Fe/RKX/8C8O/Rw==",
      "license": "MIT",
      "funding": {
        "url": "https://github.com/sponsors/oxc-project"
      }
    },
    "node_modules/@posthog/core": {
      "version": "1.57.4",
      "resolved": "https://registry.npmjs.org/@posthog/core/-/core-1.57.4.tgz",
      "integrity": "sha512-JM2r3ab7D8HvxquB06jesAM7EBLf3pXIwYIOj/wwq59cML0aicSoJRZdDREruhbIHzc7iFgSgAqTqJQZxxvq9w==",
      "license": "MIT",
      "dependencies": {
        "@posthog/types": "^1.415.2"
      }
    },
    "node_modules/@posthog/types": {
      "version": "1.415.2",
      "resolved": "https://registry.npmjs.org/@posthog/types/-/types-1.415.2.tgz",
      "integrity": "sha512-BIIHPyXcPZuNTImrR1qLqLKFw7j9o8co6LG/9OpLtpWJ3RT0y89Lx6VCtd37N9/dkr/qW7y0uPjJxAxjsALHtw==",
      "license": "MIT"
    },
    "node_modules/@sentry/bundler-plugins": {
      "version": "11.5.0",
      "resolved": "https://registry.npmjs.org/@sentry/bundler-plugins/-/bundler-plugins-11.5.0.tgz",
      "integrity": "sha512-3stxFCNFO2f8GTOsF0rgUOa1UN0if4GYQspZTCdI0MISKinIsts5z3QJUeyZDnGjPkUBBoTo7STuUSqiK88IQg==",
      "license": "MIT",
      "dependencies": {
        "@sentry/core": "11.5.0",
        "dotenv": "^17.4.2",
        "glob": "^13.0.6",
        "magic-string": "~0.30.8 || ^1.0.0",
        "oxc-parser": "^0.152.0",
        "sentry": "^0.45.0",
        "supports-color": "^8.1.1"
      },
      "engines": {
        "node": ">=20.19.0 <22.0.0 || >=22.12.0 <23.0.0 || >=23.2.0"
      },
      "peerDependencies": {
        "@babel/core": "^7.18.5",
        "rollup": ">=3.2.0",
        "webpack": ">=5.1.0"
      },
      "peerDependenciesMeta": {
        "@babel/core": {
          "optional": true
        },
        "rollup": {
          "optional": true
        },
        "webpack": {
          "optional": true
        }
      }
    },
    "node_modules/@sentry/conventions": {
      "version": "0.26.0",
      "resolved": "https://registry.npmjs.org/@sentry/conventions/-/conventions-0.26.0.tgz",
      "integrity": "sha512-ttSRcoLf2kIENDIFzH12aJaVMdxnidMYLvVNwEX/JjXfXaQot8u5M47QmgAFOOhVJ4nQ2uU8wTCh+fwSPrrCfg==",
      "license": "MIT",
      "engines": {
        "node": ">=14"
      }
    },
    "node_modules/@sentry/core": {
      "version": "11.5.0",
      "resolved": "https://registry.npmjs.org/@sentry/core/-/core-11.5.0.tgz",
      "integrity": "sha512-flEMRAfk8t3JW7w32shN6piuLJESkuryF90WzMn75ZGEiVoXkhStOvLT8qX8SQaLeFll4vLp7nDPdTsdJe1APw==",
      "license": "MIT",
      "dependencies": {
        "@sentry/conventions": "^0.26.0"
      },
      "engines": {
        "node": ">=20.19.0 <22.0.0 || >=22.12.0 <23.0.0 || >=23.2.0"
      }
    },
    "node_modules/@sentry/node": {
      "version": "11.5.0",
      "resolved": "https://registry.npmjs.org/@sentry/node/-/node-11.5.0.tgz",
      "integrity": "sha512-uNSFtwEjeRzUPnrpnMIW3g8j4sivk+StlvlpEMZ46zKsBF597UZ7XNldKUJDwopURybhai1wZ8xjc46ufsv1jg==",
      "license": "MIT",
      "dependencies": {
        "@opentelemetry/api": "^1.9.1",
        "@sentry/bundler-plugins": "11.5.0",
        "@sentry/conventions": "^0.26.0",
        "@sentry/core": "11.5.0",
        "@sentry/opentelemetry": "11.5.0",
        "@sentry/server-runtime-injection": "11.5.0",
        "@sentry/server-utils": "11.5.0"
      },
      "engines": {
        "node": ">=20.19.0 <22.0.0 || >=22.12.0 <23.0.0 || >=23.2.0"
      }
    },
    "node_modules/@sentry/opentelemetry": {
      "version": "11.5.0",
      "resolved": "https://registry.npmjs.org/@sentry/opentelemetry/-/opentelemetry-11.5.0.tgz",
      "integrity": "sha512-k+YlAjKO9iPOb1w/KXjIPZE2P4PcxhuoafXr1EN0yCCs0BFgkgQNDP/S+nw78GLzb2SLs3MtwWbLHOMLMRJM5Q==",
      "license": "MIT",
      "dependencies": {
        "@sentry/conventions": "^0.26.0",
        "@sentry/core": "11.5.0"
      },
      "engines": {
        "node": ">=20.19.0 <22.0.0 || >=22.12.0 <23.0.0 || >=23.2.0"
      },
      "peerDependencies": {
        "@opentelemetry/api": "^1.9.0"
      }
    },
    "node_modules/@sentry/server-runtime-injection": {
      "version": "11.5.0",
      "resolved": "https://registry.npmjs.org/@sentry/server-runtime-injection/-/server-runtime-injection-11.5.0.tgz",
      "integrity": "sha512-6hmiiFJanSKDfUNBdrwRm47g8CBgFdDcxFguMh3QaRmIim0c5V0eMUfMRJuWhk+NKuI/rsFyj8B5qdBD+5h4Kg==",
      "license": "MIT",
      "dependencies": {
        "@sentry/core": "11.5.0",
        "@sentry/server-utils": "11.5.0"
      },
      "engines": {
        "node": ">=20.19.0 <22.0.0 || >=22.12.0 <23.0.0 || >=23.2.0"
      }
    },
    "node_modules/@sentry/server-utils": {
      "version": "11.5.0",
      "resolved": "https://registry.npmjs.org/@sentry/server-utils/-/server-utils-11.5.0.tgz",
      "integrity": "sha512-cUALUPgVW2jND2RGWyNH9v3epsKz5Ce3QujfnpFAdHKFVj4tjjZMU0FYlbFo9SBxosWPTnZzjIuNO6GROQwR1Q==",
      "license": "MIT",
      "dependencies": {
        "@opentelemetry/api": "^1.9.1",
        "@sentry/conventions": "^0.26.0",
        "@sentry/core": "11.5.0"
      },
      "engines": {
        "node": ">=20.19.0 <22.0.0 || >=22.12.0 <23.0.0 || >=23.2.0"
      }
    },
    "node_modules/balanced-match": {
      "version": "4.0.4",
      "resolved": "https://registry.npmjs.org/balanced-match/-/balanced-match-4.0.4.tgz",
      "integrity": "sha512-BLrgEcRTwX2o6gGxGOCNyMvGSp35YofuYzw9h1IMTRmKqttAZZVU67bdb9Pr2vUHA8+j3i2tJfjO6C6+4myGTA==",
      "license": "MIT",
      "engines": {
        "node": "18 || 20 || >=22"
      }
    },
    "node_modules/brace-expansion": {
      "version": "5.0.12",
      "resolved": "https://registry.npmjs.org/brace-expansion/-/brace-expansion-5.0.12.tgz",
      "integrity": "sha512-YovQ3rzhaLMIrDjNDMkNS01tea93qhEhG5xy8f6+R0l+dw3Ki+5sCoIoI942iuLZTHWogWktgwVDhU09iNEimQ==",
      "license": "MIT",
      "dependencies": {
        "balanced-match": "^4.0.2"
      },
      "engines": {
        "node": "20 || >=22"
      }
    },
    "node_modules/dotenv": {
      "version": "17.4.2",
      "resolved": "https://registry.npmjs.org/dotenv/-/dotenv-17.4.2.tgz",
      "integrity": "sha512-nI4U3TottKAcAD9LLud4Cb7b2QztQMUEfHbvhTH09bqXTxnSie8WnjPALV/WMCrJZ6UV/qHJ6L03OqO3LcdYZw==",
      "license": "BSD-2-Clause",
      "engines": {
        "node": ">=12"
      },
      "funding": {
        "url": "https://dotenvx.com"
      }
    },
    "node_modules/entities": {
      "version": "6.0.1",
      "resolved": "https://registry.npmjs.org/entities/-/entities-6.0.1.tgz",
      "integrity": "sha512-aN97NXWF6AWBTahfVOIrB/NShkzi5H7F9r1s9mD3cDj4Ko5f2qhhVoYMibXF7GlLveb/D2ioWay8lxI97Ven3g==",
      "dev": true,
      "license": "BSD-2-Clause",
      "engines": {
        "node": ">=0.12"
      },
      "funding": {
        "url": "https://github.com/fb55/entities?sponsor=1"
      }
    },
    "node_modules/glob": {
      "version": "13.0.6",
      "resolved": "https://registry.npmjs.org/glob/-/glob-13.0.6.tgz",
      "integrity": "sha512-Wjlyrolmm8uDpm/ogGyXZXb1Z+Ca2B8NbJwqBVg0axK9GbBeoS7yGV6vjXnYdGm6X53iehEuxxbyiKp8QmN4Vw==",
      "license": "BlueOak-1.0.0",
      "dependencies": {
        "minimatch": "^10.2.2",
        "minipass": "^7.1.3",
        "path-scurry": "^2.0.2"
      },
      "engines": {
        "node": "18 || 20 || >=22"
      },
      "funding": {
        "url": "https://github.com/sponsors/isaacs"
      }
    },
    "node_modules/has-flag": {
      "version": "4.0.0",
      "resolved": "https://registry.npmjs.org/has-flag/-/has-flag-4.0.0.tgz",
      "integrity": "sha512-EykJT/Q1KjTWctppgIAgfSO0tKVuZUjhgMr17kqTumMl6Afv3EISleU7qZUzoXDFTAHTDC4NOoG/ZxU3EvlMPQ==",
      "license": "MIT",
      "engines": {
        "node": ">=8"
      }
    },
    "node_modules/lru-cache": {
      "version": "11.5.3",
      "resolved": "https://registry.npmjs.org/lru-cache/-/lru-cache-11.5.3.tgz",
      "integrity": "sha512-U4N8FgzmWxc8k1VH8Kr6lQg18U7Fjvby6wXHVRX/ZZ7IwWbRMgrRbP0Wrb5q5NVinryp4SQampHKdvtecItxUg==",
      "license": "BlueOak-1.0.0",
      "engines": {
        "node": "20 || >=22"
      }
    },
    "node_modules/magic-string": {
      "version": "1.4.3",
      "resolved": "https://registry.npmjs.org/magic-string/-/magic-string-1.4.3.tgz",
      "integrity": "sha512-z12OxmaPGE0F4xlpGdjuAUckipLpQlTAuAmyGhNoD7ODpYUzvDfvtxUbjM/jwznyP178oju/KDdyi220wNJ0RQ==",
      "license": "MIT",
      "dependencies": {
        "@jridgewell/sourcemap-codec": "^1.6.0"
      }
    },
    "node_modules/minimatch": {
      "version": "10.2.6",
      "resolved": "https://registry.npmjs.org/minimatch/-/minimatch-10.2.6.tgz",
      "integrity": "sha512-vpLQEs+VLCr1nU0BXS07maYoFwlDAH0gngQuuttxIwutDFEMHq2blX+8vpgxDdK3J1PwjCJiep77OitTZ4Ll1A==",
      "license": "BlueOak-1.0.0",
      "dependencies": {
        "brace-expansion": "^5.0.8"
      },
      "engines": {
        "node": "18 || 20 || >=22"
      },
      "funding": {
        "url": "https://github.com/sponsors/isaacs"
      }
    },
    "node_modules/minipass": {
      "version": "7.1.3",
      "resolved": "https://registry.npmjs.org/minipass/-/minipass-7.1.3.tgz",
      "integrity": "sha512-tEBHqDnIoM/1rXME1zgka9g6Q2lcoCkxHLuc7ODJ5BxbP5d4c2Z5cGgtXAku59200Cx7diuHTOYfSBD8n6mm8A==",
      "license": "BlueOak-1.0.0",
      "engines": {
        "node": ">=16 || 14 >=14.17"
      }
    },
    "node_modules/oxc-parser": {
      "version": "0.152.0",
      "resolved": "https://registry.npmjs.org/oxc-parser/-/oxc-parser-0.152.0.tgz",
      "integrity": "sha512-ZztsZgaCWmPeKYMdoTT5e0oV/oxD1NeLWNR3kAtr/G707cUPYaaozRlVDHLCGnszHJRszN9mJwmPNpqgwloC0A==",
      "license": "MIT",
      "dependencies": {
        "@oxc-project/types": "^0.152.0"
      },
      "engines": {
        "node": "^20.19.0 || >=22.12.0"
      },
      "funding": {
        "url": "https://github.com/sponsors/oxc-project"
      },
      "optionalDependencies": {
        "@oxc-parser/binding-android-arm-eabi": "0.152.0",
        "@oxc-parser/binding-android-arm64": "0.152.0",
        "@oxc-parser/binding-darwin-arm64": "0.152.0",
        "@oxc-parser/binding-darwin-x64": "0.152.0",
        "@oxc-parser/binding-freebsd-x64": "0.152.0",
        "@oxc-parser/binding-linux-arm-gnueabihf": "0.152.0",
        "@oxc-parser/binding-linux-arm-musleabihf": "0.152.0",
        "@oxc-parser/binding-linux-arm64-gnu": "0.152.0",
        "@oxc-parser/binding-linux-arm64-musl": "0.152.0",
        "@oxc-parser/binding-linux-ppc64-gnu": "0.152.0",
        "@oxc-parser/binding-linux-riscv64-gnu": "0.152.0",
        "@oxc-parser/binding-linux-riscv64-musl": "0.152.0",
        "@oxc-parser/binding-linux-s390x-gnu": "0.152.0",
        "@oxc-parser/binding-linux-x64-gnu": "0.152.0",
        "@oxc-parser/binding-linux-x64-musl": "0.152.0",
        "@oxc-parser/binding-openharmony-arm64": "0.152.0",
        "@oxc-parser/binding-win32-arm64-msvc": "0.152.0",
        "@oxc-parser/binding-win32-ia32-msvc": "0.152.0",
        "@oxc-parser/binding-win32-x64-msvc": "0.152.0"
      }
    },
    "node_modules/parse5": {
      "version": "7.3.0",
      "resolved": "https://registry.npmjs.org/parse5/-/parse5-7.3.0.tgz",
      "integrity": "sha512-IInvU7fabl34qmi9gY8XOVxhYyMyuH2xUNpb2q8/Y+7552KlejkRvqvD19nMoUW/uQGGbqNpA6Tufu5FL5BZgw==",
      "dev": true,
      "license": "MIT",
      "dependencies": {
        "entities": "^6.0.0"
      },
      "funding": {
        "url": "https://github.com/inikulin/parse5?sponsor=1"
      }
    },
    "node_modules/path-scurry": {
      "version": "2.0.2",
      "resolved": "https://registry.npmjs.org/path-scurry/-/path-scurry-2.0.2.tgz",
      "integrity": "sha512-3O/iVVsJAPsOnpwWIeD+d6z/7PmqApyQePUtCndjatj/9I5LylHvt5qluFaBT3I5h3r1ejfR056c+FCv+NnNXg==",
      "license": "BlueOak-1.0.0",
      "dependencies": {
        "lru-cache": "^11.0.0",
        "minipass": "^7.1.2"
      },
      "engines": {
        "node": "18 || 20 || >=22"
      },
      "funding": {
        "url": "https://github.com/sponsors/isaacs"
      }
    },
    "node_modules/pg": {
      "version": "8.23.1",
      "resolved": "https://registry.npmjs.org/pg/-/pg-8.23.1.tgz",
      "integrity": "sha512-aL96AHANtWjPLDOLqnhx+ngp9+UK7ETEU8VJrDCGvsSSi/mGLcWYsS6Herg7lmaBJe4uwrfqsa7gTEFaSizDoQ==",
      "license": "MIT",
      "dependencies": {
        "pg-connection-string": "^2.14.1",
        "pg-pool": "^3.14.0",
        "pg-protocol": "^1.16.1",
        "pg-types": "2.2.0",
        "pgpass": "1.0.5"
      },
      "engines": {
        "node": ">= 16.0.0"
      },
      "optionalDependencies": {
        "pg-cloudflare": "^1.4.1"
      },
      "peerDependencies": {
        "pg-native": ">=3.0.1"
      },
      "peerDependenciesMeta": {
        "pg-native": {
          "optional": true
        }
      }
    },
    "node_modules/pg-cloudflare": {
      "version": "1.4.1",
      "resolved": "https://registry.npmjs.org/pg-cloudflare/-/pg-cloudflare-1.4.1.tgz",
      "integrity": "sha512-6PQbsFWZcp9EmJEwy5cGQ2La+AMWpP46lgbb8X+U/XsHIUweYDNCpeuKck5RxL2MdVFi7krbbEi5nX4Zh7JhrQ==",
      "license": "MIT",
      "optional": true
    },
    "node_modules/pg-connection-string": {
      "version": "2.14.1",
      "resolved": "https://registry.npmjs.org/pg-connection-string/-/pg-connection-string-2.14.1.tgz",
      "integrity": "sha512-qR3kGNPBLpCNtz0evbKA0Y/MRFXwSSdT+pTJvYp/bXTcReZbvX1kzF0IyTc1QnxqF7AZbOeBhNL8R5mYQZV/MA==",
      "license": "MIT"
    },
    "node_modules/pg-int8": {
      "version": "1.0.1",
      "resolved": "https://registry.npmjs.org/pg-int8/-/pg-int8-1.0.1.tgz",
      "integrity": "sha512-WCtabS6t3c8SkpDBUlb1kjOs7l66xsGdKpIPZsg4wR+B3+u9UAum2odSsF9tnvxg80h4ZxLWMy4pRjOsFIqQpw==",
      "license": "ISC",
      "engines": {
        "node": ">=4.0.0"
      }
    },
    "node_modules/pg-pool": {
      "version": "3.14.0",
      "resolved": "https://registry.npmjs.org/pg-pool/-/pg-pool-3.14.0.tgz",
      "integrity": "sha512-gKtPkFdQPU3DksooVLi9LsjZxrsBUZIpa+7aVx+LV5pNh0KzP4Zleud2po+ConrxbuXGBJ6Hfer6hdgpIBpBaw==",
      "license": "MIT",
      "peerDependencies": {
        "pg": ">=8.0"
      }
    },
    "node_modules/pg-protocol": {
      "version": "1.16.1",
      "resolved": "https://registry.npmjs.org/pg-protocol/-/pg-protocol-1.16.1.tgz",
      "integrity": "sha512-p9VOFMiHB/ZbJATetbg+99PxssTVSQRnyuPSQ67mN1+1KBOjZaZ83ZQzltnxPhJwSsC3nwVjJ10DVJlerbFzLg==",
      "license": "MIT"
    },
    "node_modules/pg-types": {
      "version": "2.2.0",
      "resolved": "https://registry.npmjs.org/pg-types/-/pg-types-2.2.0.tgz",
      "integrity": "sha512-qTAAlrEsl8s4OiEQY69wDvcMIdQN6wdz5ojQiOy6YRMuynxenON0O5oCpJI6lshc6scgAY8qvJ2On/p+CXY0GA==",
      "license": "MIT",
      "dependencies": {
        "pg-int8": "1.0.1",
        "postgres-array": "~2.0.0",
        "postgres-bytea": "~1.0.0",
        "postgres-date": "~1.0.4",
        "postgres-interval": "^1.1.0"
      },
      "engines": {
        "node": ">=4"
      }
    },
    "node_modules/pgpass": {
      "version": "1.0.5",
      "resolved": "https://registry.npmjs.org/pgpass/-/pgpass-1.0.5.tgz",
      "integrity": "sha512-FdW9r/jQZhSeohs1Z3sI1yxFQNFvMcnmfuj4WBMUTxOrAyLMaTcE1aAMBiTlbMNaXvBCQuVi0R7hd8udDSP7ug==",
      "license": "MIT",
      "dependencies": {
        "split2": "^4.1.0"
      }
    },
    "node_modules/postgres-array": {
      "version": "2.0.0",
      "resolved": "https://registry.npmjs.org/postgres-array/-/postgres-array-2.0.0.tgz",
      "integrity": "sha512-VpZrUqU5A69eQyW2c5CA1jtLecCsN2U/bD6VilrFDWq5+5UIEVO7nazS3TEcHf1zuPYO/sqGvUvW62g86RXZuA==",
      "license": "MIT",
      "engines": {
        "node": ">=4"
      }
    },
    "node_modules/postgres-bytea": {
      "version": "1.0.1",
      "resolved": "https://registry.npmjs.org/postgres-bytea/-/postgres-bytea-1.0.1.tgz",
      "integrity": "sha512-5+5HqXnsZPE65IJZSMkZtURARZelel2oXUEO8rH83VS/hxH5vv1uHquPg5wZs8yMAfdv971IU+kcPUczi7NVBQ==",
      "license": "MIT",
      "engines": {
        "node": ">=0.10.0"
      }
    },
    "node_modules/postgres-date": {
      "version": "1.0.7",
      "resolved": "https://registry.npmjs.org/postgres-date/-/postgres-date-1.0.7.tgz",
      "integrity": "sha512-suDmjLVQg78nMK2UZ454hAG+OAW+HQPZ6n++TNDUX+L0+uUlLywnoxJKDou51Zm+zTCjrCl0Nq6J9C5hP9vK/Q==",
      "license": "MIT",
      "engines": {
        "node": ">=0.10.0"
      }
    },
    "node_modules/postgres-interval": {
      "version": "1.2.0",
      "resolved": "https://registry.npmjs.org/postgres-interval/-/postgres-interval-1.2.0.tgz",
      "integrity": "sha512-9ZhXKM/rw350N1ovuWHbGxnGh/SNJ4cnxHiM0rxE4VN41wsg8P8zWn9hv/buK00RP4WvlOyr/RBDiptyxVbkZQ==",
      "license": "MIT",
      "dependencies": {
        "xtend": "^4.0.0"
      },
      "engines": {
        "node": ">=0.10.0"
      }
    },
    "node_modules/posthog-react-native": {
      "version": "4.80.0",
      "resolved": "https://registry.npmjs.org/posthog-react-native/-/posthog-react-native-4.80.0.tgz",
      "integrity": "sha512-aSCTguolb/6R01czT8MVW/lHSSdGoHHVomUE2MjQUub/+pIdw64ScwzNLUSZ9x5TU2sLAD7C1RqpGwnB6RidRw==",
      "license": "MIT",
      "dependencies": {
        "@posthog/core": "^1.57.3",
        "@posthog/types": "^1.415.2"
      },
      "bin": {
        "posthog-react-native-xcode": "tooling/posthog-xcode.sh"
      },
      "peerDependencies": {
        "@posthog/react-native-plugin": ">= 2.9.3",
        "@react-native-async-storage/async-storage": ">=1.0.0",
        "@react-navigation/native": ">= 5.0.0",
        "expo-application": ">= 4.0.0",
        "expo-device": ">= 4.0.0",
        "expo-file-system": ">= 13.0.0",
        "expo-localization": ">= 11.0.0",
        "expo-updates": ">= 0.25.0",
        "posthog-react-native-session-replay": ">= 1.6.0",
        "react-native-device-info": ">= 10.0.0",
        "react-native-localize": ">= 3.0.0",
        "react-native-navigation": ">= 6.0.0",
        "react-native-safe-area-context": ">= 4.0.0",
        "react-native-svg": ">= 15.0.0"
      },
      "peerDependenciesMeta": {
        "@posthog/react-native-plugin": {
          "optional": true
        },
        "@react-native-async-storage/async-storage": {
          "optional": true
        },
        "@react-navigation/native": {
          "optional": true
        },
        "expo-application": {
          "optional": true
        },
        "expo-device": {
          "optional": true
        },
        "expo-file-system": {
          "optional": true
        },
        "expo-localization": {
          "optional": true
        },
        "expo-updates": {
          "optional": true
        },
        "posthog-react-native-session-replay": {
          "optional": true
        },
        "react-native-device-info": {
          "optional": true
        },
        "react-native-localize": {
          "optional": true
        },
        "react-native-navigation": {
          "optional": true
        },
        "react-native-safe-area-context": {
          "optional": true
        },
        "react-native-svg": {
          "optional": true
        }
      }
    },
    "node_modules/sentry": {
      "version": "0.45.0",
      "resolved": "https://registry.npmjs.org/sentry/-/sentry-0.45.0.tgz",
      "integrity": "sha512-kgmEbLlC22lL7uneeUm9Sjz65rp5cvwYOMTxXbZCmBum4sbVre/lLT3zTV3kwXHJ9/BM8ZS0/GhZe9Cl1t6WyA==",
      "license": "FSL-1.1-Apache-2.0",
      "bin": {
        "sentry": "dist/bin.cjs"
      },
      "engines": {
        "node": ">=20.0"
      }
    },
    "node_modules/split2": {
      "version": "4.2.0",
      "resolved": "https://registry.npmjs.org/split2/-/split2-4.2.0.tgz",
      "integrity": "sha512-UcjcJOWknrNkF6PLX83qcHM6KHgVKNkV62Y8a5uYDVv9ydGQVwAHMKqHdJje1VTWpljG0WYpCDhrCdAOYH4TWg==",
      "license": "ISC",
      "engines": {
        "node": ">= 10.x"
      }
    },
    "node_modules/stripe": {
      "version": "23.0.0",
      "resolved": "https://registry.npmjs.org/stripe/-/stripe-23.0.0.tgz",
      "integrity": "sha512-MDE2A5ZVVluYURORaZEVghSmnLJc3w6aHAlZSxDQMsOjOb3V0O6ro/CiaeFlJS4N7uIVmsg98ocRsPmUK6YfyA==",
      "license": "MIT",
      "engines": {
        "node": ">=20"
      },
      "peerDependencies": {
        "@types/node": ">=20"
      },
      "peerDependenciesMeta": {
        "@types/node": {
          "optional": true
        }
      }
    },
    "node_modules/supports-color": {
      "version": "8.1.1",
      "resolved": "https://registry.npmjs.org/supports-color/-/supports-color-8.1.1.tgz",
      "integrity": "sha512-MpUEN2OodtUzxvKQl72cUF7RQ5EiHsGvSsVG0ia9c5RbWGL2CI4C7EpPS8UTBIplnlzZiNuV56w+FuNxy3ty2Q==",
      "license": "MIT",
      "dependencies": {
        "has-flag": "^4.0.0"
      },
      "engines": {
        "node": ">=10"
      },
      "funding": {
        "url": "https://github.com/chalk/supports-color?sponsor=1"
      }
    },
    "node_modules/xtend": {
      "version": "4.0.2",
      "resolved": "https://registry.npmjs.org/xtend/-/xtend-4.0.2.tgz",
      "integrity": "sha512-LKYU1iAXJXUgAXn9URjiu+MWhyUXHsvfp7mcuYm9dSUKK0/CjtrUwFAxD82/mCWbtLsGjFIad0wIsod4zrTAEQ==",
      "license": "MIT",
      "engines": {
        "node": ">=0.4"
      }
    }
  }
}
